schema: '2.0'
stages:
  get_data:
    cmd: python src/stage_01_load_save.py
    deps:
    - path: src/stage_01_load_save.py
      md5: a6ce513188adb6473c16f0fedcca007f
      size: 1597
    - path: src/utils/common.py
      md5: d162961d817182441383bdb0e674e685
      size: 675
    outs:
    - path: artifacts/raw_local_dir/data.csv
      md5: 7d814a1bda02145efe703f4e1c01847a
      size: 93599
  split_data:
    cmd: python src/stage_02_split_data.py
    deps:
    - path: artifacts/raw_local_dir/data.csv
      md5: 7d814a1bda02145efe703f4e1c01847a
      size: 93599
    - path: src/stage_02_split_data.py
      md5: 6c4ffc94b6a9fecc43ba9819fe098fa0
      size: 2371
    - path: src/utils/common.py
      md5: d162961d817182441383bdb0e674e685
      size: 675
    outs:
    - path: artifacts/split_data_dir/test.csv
      md5: 3a3eef9f920deae72cb9bcd7b91231f1
      size: 28169
    - path: artifacts/split_data_dir/train.csv
      md5: 5e5a3523f0fba3925dc577c3baf2c5cd
      size: 65577
